{
    "_readme": [
        "This file locks the dependencies of your project to a known state",
        "Read more about it at https://getcomposer.org/doc/01-basic-usage.md#installing-dependencies",
        "This file is @generated automatically"
    ],
    "content-hash": "886f7fc211e4c9dc916a4e6c6d15b020",
    "packages": [],
    "packages-dev": [],
    "aliases": [],
    "minimum-stability": "stable",
    "stability-flags": {},
    "prefer-stable": false,
    "prefer-lowest": false,
    "platform": {
        "php": ">=8.2",
        "ext-pdo": "*",
        "ext-pdo_mysql": "*",
        "ext-json": "*",
        "ext-mbstring": "*"
    },
    "platform-dev": {},
    "plugin-api-version": "2.6.0"
}
